{
  "name": "animals",
  "version": "1.0.0",
  "lockfileVersion": 1,
  "requires": true,
  "dependencies": {
    "@fortawesome/fontawesome-free": {
      "version": "5.14.0",
      "resolved": "https://registry.npmjs.org/@fortawesome/fontawesome-free/-/fontawesome-free-5.14.0.tgz",
      "integrity": "sha512-OfdMsF+ZQgdKHP9jUbmDcRrP0eX90XXrsXIdyjLbkmSBzmMXPABB8eobUJtivaupucYaByz6WNe1PI1JuYm3qA=="
    },
    "angular": {
      "version": "1.8.0",
      "resolved": "https://registry.npmjs.org/angular/-/angular-1.8.0.tgz",
      "integrity": "sha512-VdaMx+Qk0Skla7B5gw77a8hzlcOakwF8mjlW13DpIWIDlfqwAbSSLfd8N/qZnzEmQF4jC4iofInd3gE7vL8ZZg=="
    },
    "angular-messages": {
      "version": "1.8.0",
      "resolved": "https://registry.npmjs.org/angular-messages/-/angular-messages-1.8.0.tgz",
      "integrity": "sha512-LSlyTv80y1vg8Cfdz+RJ0BrraWkq0qsOZHyrHFT8NyYWC5yp6HQabvZvTpKv9YA+6o05wwAU90qXHSrnUlSflA=="
    },
    "angular-resource": {
      "version": "1.8.0",
      "resolved": "https://registry.npmjs.org/angular-resource/-/angular-resource-1.8.0.tgz",
      "integrity": "sha512-9woUq3kDwoT7R6SjKX8vaJMhOplYBm9sqRAxKgDhDIdPyA8iBowqQIusf9+8Q+z/HlXb8ZXvKspJyKXrxmKdvg=="
    },
    "angular-route": {
      "version": "1.8.0",
      "resolved": "https://registry.npmjs.org/angular-route/-/angular-route-1.8.0.tgz",
      "integrity": "sha512-ORvXAdVfCCA6XFwyjSkVQFFGufj0mNGiCvBR93Qsii8+7t/6Ioy6wheUoCj1x4NWUv7hAq3nYYGCVO6QEKb1BQ=="
    }
  }
}
