{
  "name": "animals",
  "version": "1.0.0",
  "lockfileVersion": 1,
  "requires": true,
  "dependencies": {
    "@fortawesome/fontawesome-free": {
      "version": "5.14.0",
      "resolved": "https://registry.npmjs.org/@fortawesome/fontawesome-free/-/fontawesome-free-5.14.0.tgz",
      "integrity": "sha512-OfdMsF+ZQgdKHP9jUbmDcRrP0eX90XXrsXIdyjLbkmSBzmMXPABB8eobUJtivaupucYaByz6WNe1PI1JuYm3qA=="
    },
    "angular": {
      "version": "1.8.0",
      "resolved": "https://registry.npmjs.org/angular/-/angular-1.8.0.tgz",
      "integrity": "sha512-VdaMx+Qk0Skla7B5gw77a8hzlcOakwF8mjlW13DpIWIDlfqwAbSSLfd8N/qZnzEmQF4jC4iofInd3gE7vL8ZZg=="
    },
    "angular-animate": {
      "version": "1.8.2",
      "resolved": "https://registry.npmjs.org/angular-animate/-/angular-animate-1.8.2.tgz",
      "integrity": "sha512-Jbr9+grNMs9Kj57xuBU3Ju3NOPAjS1+g2UAwwDv7su1lt0/PLDy+9zEwDiu8C8xJceoTbmBNKiWGPJGBdCQLlA=="
    },
    "angular-aria": {
      "version": "1.8.2",
      "resolved": "https://registry.npmjs.org/angular-aria/-/angular-aria-1.8.2.tgz",
      "integrity": "sha512-xWT1Lm+Xug2GM6nGNMioBP4hXt3sj2eGaExa4cVCZUYSVWezgyuD1RiLgzJzwTkBGYplHQUzQaz3yDY8jVI6yQ=="
    },
    "angular-cookies": {
      "version": "1.8.2",
      "resolved": "https://registry.npmjs.org/angular-cookies/-/angular-cookies-1.8.2.tgz",
      "integrity": "sha512-M6fCnsnw1pj1+nXuO28ilJ+h6pFCIXQKSEgy9/PIoN0sZr5FqsE9BK18PdBQa8dif+fnHCAYpPU8MgDzT/sZSg=="
    },
    "angular-material": {
      "version": "1.2.1",
      "resolved": "https://registry.npmjs.org/angular-material/-/angular-material-1.2.1.tgz",
      "integrity": "sha512-YEf+ah9Ja23Def06W2os3CFvvc6+IShIXJWEuo1kRsx+nnU58/5vlLO84jnVj0I7mwRexjpkMmyYBDKM7anb/g=="
    },
    "angular-messages": {
      "version": "1.8.0",
      "resolved": "https://registry.npmjs.org/angular-messages/-/angular-messages-1.8.0.tgz",
      "integrity": "sha512-LSlyTv80y1vg8Cfdz+RJ0BrraWkq0qsOZHyrHFT8NyYWC5yp6HQabvZvTpKv9YA+6o05wwAU90qXHSrnUlSflA=="
    },
    "angular-resource": {
      "version": "1.8.0",
      "resolved": "https://registry.npmjs.org/angular-resource/-/angular-resource-1.8.0.tgz",
      "integrity": "sha512-9woUq3kDwoT7R6SjKX8vaJMhOplYBm9sqRAxKgDhDIdPyA8iBowqQIusf9+8Q+z/HlXb8ZXvKspJyKXrxmKdvg=="
    },
    "angular-route": {
      "version": "1.8.0",
      "resolved": "https://registry.npmjs.org/angular-route/-/angular-route-1.8.0.tgz",
      "integrity": "sha512-ORvXAdVfCCA6XFwyjSkVQFFGufj0mNGiCvBR93Qsii8+7t/6Ioy6wheUoCj1x4NWUv7hAq3nYYGCVO6QEKb1BQ=="
    },
    "ng-animate": {
      "version": "0.3.4",
      "resolved": "https://registry.npmjs.org/ng-animate/-/ng-animate-0.3.4.tgz",
      "integrity": "sha512-akMSySNAAe4H7f+XhjDvRnxa1eg+6zvl0DwVFXYpFDiGClPGlC93hT1+EXq0z9rq2U8IpBFh2FkSUT/FRIeROw==",
      "requires": {
        "tslib": "^1.9.0"
      }
    },
    "ngstorage": {
      "version": "0.3.11",
      "resolved": "https://registry.npmjs.org/ngstorage/-/ngstorage-0.3.11.tgz",
      "integrity": "sha1-FjfEW4ctkJ2cx+GLN0iY1QsuhE8="
    },
    "tslib": {
      "version": "1.14.1",
      "resolved": "https://registry.npmjs.org/tslib/-/tslib-1.14.1.tgz",
      "integrity": "sha512-Xni35NKzjgMrwevysHTCArtLDpPvye8zV/0E4EyYn43P7/7qvQwPh9BGkHewbMulVntbigmcT7rdX3BNo9wRJg=="
    }
  }
}
